<Solution>
  <Folder Name="/Solution Items/">
    <File Path=".gitattributes" />
    <File Path=".gitignore" />
    <File Path="LICENSE.txt" />
    <File Path="README.md" />
  </Folder>
  <Project Path="KillaCore.Blazor.FileUpload.Test/KillaCore.Blazor.FileUpload.Test.csproj" Id="4a1f2503-34a6-4d4e-b2a8-f82301d1de9c" />
  <Project Path="KillaCore.Blazor.FileUpload/KillaCore.Blazor.FileUpload.csproj" />
</Solution>
